// !$*UTF8*$!
{
	archiveVersion = 1;
	classes = {
	};
	objectVersion = 55;
	objects = {

/* Begin PBXBuildFile section */
		64BC973B342EEFBD8BFD7B7B /* libPods-WeatherGift.a in Frameworks */ = {isa = PBXBuildFile; fileRef = 0B556F699251CA73B901BEDB /* libPods-WeatherGift.a */; };
		CEE5CC9827B161DC00BA09A1 /* AppDelegate.swift in Sources */ = {isa = PBXBuildFile; fileRef = CEE5CC9727B161DC00BA09A1 /* AppDelegate.swift */; };
		CEE5CC9A27B161DC00BA09A1 /* SceneDelegate.swift in Sources */ = {isa = PBXBuildFile; fileRef = CEE5CC9927B161DC00BA09A1 /* SceneDelegate.swift */; };
		CEE5CC9C27B161DC00BA09A1 /* LocationListViewController.swift in Sources */ = {isa = PBXBuildFile; fileRef = CEE5CC9B27B161DC00BA09A1 /* LocationListViewController.swift */; };
		CEE5CC9F27B161DC00BA09A1 /* Main.storyboard in Resources */ = {isa = PBXBuildFile; fileRef = CEE5CC9D27B161DC00BA09A1 /* Main.storyboard */; };
		CEE5CCA127B161E100BA09A1 /* Assets.xcassets in Resources */ = {isa = PBXBuildFile; fileRef = CEE5CCA027B161E100BA09A1 /* Assets.xcassets */; };
		CEE5CCA427B161E100BA09A1 /* LaunchScreen.storyboard in Resources */ = {isa = PBXBuildFile; fileRef = CEE5CCA227B161E100BA09A1 /* LaunchScreen.storyboard */; };
		CEE5CCAC27B1623600BA09A1 /* WeatherLocation.swift in Sources */ = {isa = PBXBuildFile; fileRef = CEE5CCAB27B1623600BA09A1 /* WeatherLocation.swift */; };
		E7AC34FA27B4C85C0073ADF6 /* APIkeys.swift in Sources */ = {isa = PBXBuildFile; fileRef = E7AC34F927B4C85C0073ADF6 /* APIkeys.swift */; };
/* End PBXBuildFile section */

/* Begin PBXFileReference section */
		0B556F699251CA73B901BEDB /* libPods-WeatherGift.a */ = {isa = PBXFileReference; explicitFileType = archive.ar; includeInIndex = 0; path = "libPods-WeatherGift.a"; sourceTree = BUILT_PRODUCTS_DIR; };
		AB0C4251C1525E94B580A883 /* Pods-WeatherGift.release.xcconfig */ = {isa = PBXFileReference; includeInIndex = 1; lastKnownFileType = text.xcconfig; name = "Pods-WeatherGift.release.xcconfig"; path = "Target Support Files/Pods-WeatherGift/Pods-WeatherGift.release.xcconfig"; sourceTree = "<group>"; };
		B9DAE9B694D233BFF08E4769 /* Pods-WeatherGift.debug.xcconfig */ = {isa = PBXFileReference; includeInIndex = 1; lastKnownFileType = text.xcconfig; name = "Pods-WeatherGift.debug.xcconfig"; path = "Target Support Files/Pods-WeatherGift/Pods-WeatherGift.debug.xcconfig"; sourceTree = "<group>"; };
		CEE5CC9427B161DC00BA09A1 /* WeatherGift.app */ = {isa = PBXFileReference; explicitFileType = wrapper.application; includeInIndex = 0; path = WeatherGift.app; sourceTree = BUILT_PRODUCTS_DIR; };
		CEE5CC9727B161DC00BA09A1 /* AppDelegate.swift */ = {isa = PBXFileReference; lastKnownFileType = sourcecode.swift; path = AppDelegate.swift; sourceTree = "<group>"; };
		CEE5CC9927B161DC00BA09A1 /* SceneDelegate.swift */ = {isa = PBXFileReference; lastKnownFileType = sourcecode.swift; path = SceneDelegate.swift; sourceTree = "<group>"; };
		CEE5CC9B27B161DC00BA09A1 /* LocationListViewController.swift */ = {isa = PBXFileReference; lastKnownFileType = sourcecode.swift; path = LocationListViewController.swift; sourceTree = "<group>"; };
		CEE5CC9E27B161DC00BA09A1 /* Base */ = {isa = PBXFileReference; lastKnownFileType = file.storyboard; name = Base; path = Base.lproj/Main.storyboard; sourceTree = "<group>"; };
		CEE5CCA027B161E100BA09A1 /* Assets.xcassets */ = {isa = PBXFileReference; lastKnownFileType = folder.assetcatalog; path = Assets.xcassets; sourceTree = "<group>"; };
		CEE5CCA327B161E100BA09A1 /* Base */ = {isa = PBXFileReference; lastKnownFileType = file.storyboard; name = Base; path = Base.lproj/LaunchScreen.storyboard; sourceTree = "<group>"; };
		CEE5CCA527B161E100BA09A1 /* Info.plist */ = {isa = PBXFileReference; lastKnownFileType = text.plist.xml; path = Info.plist; sourceTree = "<group>"; };
		CEE5CCAB27B1623600BA09A1 /* WeatherLocation.swift */ = {isa = PBXFileReference; lastKnownFileType = sourcecode.swift; path = WeatherLocation.swift; sourceTree = "<group>"; };
		E7AC34F927B4C85C0073ADF6 /* APIkeys.swift */ = {isa = PBXFileReference; lastKnownFileType = sourcecode.swift; path = APIkeys.swift; sourceTree = "<group>"; };
/* End PBXFileReference section */

/* Begin PBXFrameworksBuildPhase section */
		CEE5CC9127B161DC00BA09A1 /* Frameworks */ = {
			isa = PBXFrameworksBuildPhase;
			buildActionMask = 2147483647;
			files = (
				64BC973B342EEFBD8BFD7B7B /* libPods-WeatherGift.a in Frameworks */,
			);
			runOnlyForDeploymentPostprocessing = 0;
		};
/* End PBXFrameworksBuildPhase section */

/* Begin PBXGroup section */
		7A9F78253D7BD57A6C6C0701 /* Pods */ = {
			isa = PBXGroup;
			children = (
				B9DAE9B694D233BFF08E4769 /* Pods-WeatherGift.debug.xcconfig */,
				AB0C4251C1525E94B580A883 /* Pods-WeatherGift.release.xcconfig */,
			);
			path = Pods;
			sourceTree = "<group>";
		};
		BF260F50459C4D0F22761888 /* Frameworks */ = {
			isa = PBXGroup;
			children = (
				0B556F699251CA73B901BEDB /* libPods-WeatherGift.a */,
			);
			name = Frameworks;
			sourceTree = "<group>";
		};
		CEE5CC8B27B161DB00BA09A1 = {
			isa = PBXGroup;
			children = (
				CEE5CC9627B161DC00BA09A1 /* WeatherGift */,
				CEE5CC9527B161DC00BA09A1 /* Products */,
				7A9F78253D7BD57A6C6C0701 /* Pods */,
				BF260F50459C4D0F22761888 /* Frameworks */,
			);
			sourceTree = "<group>";
		};
		CEE5CC9527B161DC00BA09A1 /* Products */ = {
			isa = PBXGroup;
			children = (
				CEE5CC9427B161DC00BA09A1 /* WeatherGift.app */,
			);
			name = Products;
			sourceTree = "<group>";
		};
		CEE5CC9627B161DC00BA09A1 /* WeatherGift */ = {
			isa = PBXGroup;
			children = (
				CEE5CC9727B161DC00BA09A1 /* AppDelegate.swift */,
				CEE5CC9927B161DC00BA09A1 /* SceneDelegate.swift */,
				CEE5CCAB27B1623600BA09A1 /* WeatherLocation.swift */,
				CEE5CC9B27B161DC00BA09A1 /* LocationListViewController.swift */,
				CEE5CC9D27B161DC00BA09A1 /* Main.storyboard */,
				CEE5CCA027B161E100BA09A1 /* Assets.xcassets */,
				CEE5CCA227B161E100BA09A1 /* LaunchScreen.storyboard */,
				CEE5CCA527B161E100BA09A1 /* Info.plist */,
				E7AC34F927B4C85C0073ADF6 /* APIkeys.swift */,
			);
			path = WeatherGift;
			sourceTree = "<group>";
		};
/* End PBXGroup section */

/* Begin PBXNativeTarget section */
		CEE5CC9327B161DC00BA09A1 /* WeatherGift */ = {
			isa = PBXNativeTarget;
			buildConfigurationList = CEE5CCA827B161E100BA09A1 /* Build configuration list for PBXNativeTarget "WeatherGift" */;
			buildPhases = (
				F969F1300996E7B52BAF19B9 /* [CP] Check Pods Manifest.lock */,
				CEE5CC9027B161DC00BA09A1 /* Sources */,
				CEE5CC9127B161DC00BA09A1 /* Frameworks */,
				CEE5CC9227B161DC00BA09A1 /* Resources */,
				D639E49C27E80203DAC3A1E7 /* [CP] Copy Pods Resources */,
			);
			buildRules = (
			);
			dependencies = (
			);
			name = WeatherGift;
			productName = WeatherGift;
			productReference = CEE5CC9427B161DC00BA09A1 /* WeatherGift.app */;
			productType = "com.apple.product-type.application";
		};
/* End PBXNativeTarget section */

/* Begin PBXProject section */
		CEE5CC8C27B161DB00BA09A1 /* Project object */ = {
			isa = PBXProject;
			attributes = {
				BuildIndependentTargetsInParallel = 1;
				LastSwiftUpdateCheck = 1310;
				LastUpgradeCheck = 1310;
				TargetAttributes = {
					CEE5CC9327B161DC00BA09A1 = {
						CreatedOnToolsVersion = 13.1;
					};
				};
			};
			buildConfigurationList = CEE5CC8F27B161DB00BA09A1 /* Build configuration list for PBXProject "WeatherGift" */;
			compatibilityVersion = "Xcode 13.0";
			developmentRegion = en;
			hasScannedForEncodings = 0;
			knownRegions = (
				en,
				Base,
			);
			mainGroup = CEE5CC8B27B161DB00BA09A1;
			productRefGroup = CEE5CC9527B161DC00BA09A1 /* Products */;
			projectDirPath = "";
			projectRoot = "";
			targets = (
				CEE5CC9327B161DC00BA09A1 /* WeatherGift */,
			);
		};
/* End PBXProject section */

/* Begin PBXResourcesBuildPhase section */
		CEE5CC9227B161DC00BA09A1 /* Resources */ = {
			isa = PBXResourcesBuildPhase;
			buildActionMask = 2147483647;
			files = (
				CEE5CCA427B161E100BA09A1 /* LaunchScreen.storyboard in Resources */,
				CEE5CCA127B161E100BA09A1 /* Assets.xcassets in Resources */,
				CEE5CC9F27B161DC00BA09A1 /* Main.storyboard in Resources */,
			);
			runOnlyForDeploymentPostprocessing = 0;
		};
/* End PBXResourcesBuildPhase section */

/* Begin PBXShellScriptBuildPhase section */
		D639E49C27E80203DAC3A1E7 /* [CP] Copy Pods Resources */ = {
			isa = PBXShellScriptBuildPhase;
			buildActionMask = 2147483647;
			files = (
			);
			inputFileListPaths = (
				"${PODS_ROOT}/Target Support Files/Pods-WeatherGift/Pods-WeatherGift-resources-${CONFIGURATION}-input-files.xcfilelist",
			);
			name = "[CP] Copy Pods Resources";
			outputFileListPaths = (
				"${PODS_ROOT}/Target Support Files/Pods-WeatherGift/Pods-WeatherGift-resources-${CONFIGURATION}-output-files.xcfilelist",
			);
			runOnlyForDeploymentPostprocessing = 0;
			shellPath = /bin/sh;
			shellScript = "\"${PODS_ROOT}/Target Support Files/Pods-WeatherGift/Pods-WeatherGift-resources.sh\"\n";
			showEnvVarsInLog = 0;
		};
		F969F1300996E7B52BAF19B9 /* [CP] Check Pods Manifest.lock */ = {
			isa = PBXShellScriptBuildPhase;
			buildActionMask = 2147483647;
			files = (
			);
			inputFileListPaths = (
			);
			inputPaths = (
				"${PODS_PODFILE_DIR_PATH}/Podfile.lock",
				"${PODS_ROOT}/Manifest.lock",
			);
			name = "[CP] Check Pods Manifest.lock";
			outputFileListPaths = (
			);
			outputPaths = (
				"$(DERIVED_FILE_DIR)/Pods-WeatherGift-checkManifestLockResult.txt",
			);
			runOnlyForDeploymentPostprocessing = 0;
			shellPath = /bin/sh;
			shellScript = "diff \"${PODS_PODFILE_DIR_PATH}/Podfile.lock\" \"${PODS_ROOT}/Manifest.lock\" > /dev/null\nif [ $? != 0 ] ; then\n    # print error to STDERR\n    echo \"error: The sandbox is not in sync with the Podfile.lock. Run 'pod install' or update your CocoaPods installation.\" >&2\n    exit 1\nfi\n# This output is used by Xcode 'outputs' to avoid re-running this script phase.\necho \"SUCCESS\" > \"${SCRIPT_OUTPUT_FILE_0}\"\n";
			showEnvVarsInLog = 0;
		};
/* End PBXShellScriptBuildPhase section */

/* Begin PBXSourcesBuildPhase section */
		CEE5CC9027B161DC00BA09A1 /* Sources */ = {
			isa = PBXSourcesBuildPhase;
			buildActionMask = 2147483647;
			files = (
				CEE5CC9C27B161DC00BA09A1 /* LocationListViewController.swift in Sources */,
				CEE5CCAC27B1623600BA09A1 /* WeatherLocation.swift in Sources */,
				E7AC34FA27B4C85C0073ADF6 /* APIkeys.swift in Sources */,
				CEE5CC9827B161DC00BA09A1 /* AppDelegate.swift in Sources */,
				CEE5CC9A27B161DC00BA09A1 /* SceneDelegate.swift in Sources */,
			);
			runOnlyForDeploymentPostprocessing = 0;
		};
/* End PBXSourcesBuildPhase section */

/* Begin PBXVariantGroup section */
		CEE5CC9D27B161DC00BA09A1 /* Main.storyboard */ = {
			isa = PBXVariantGroup;
			children = (
				CEE5CC9E27B161DC00BA09A1 /* Base */,
			);
			name = Main.storyboard;
			sourceTree = "<group>";
		};
		CEE5CCA227B161E100BA09A1 /* LaunchScreen.storyboard */ = {
			isa = PBXVariantGroup;
			children = (
				CEE5CCA327B161E100BA09A1 /* Base */,
			);
			name = LaunchScreen.storyboard;
			sourceTree = "<group>";
		};
/* End PBXVariantGroup section */

/* Begin XCBuildConfiguration section */
		CEE5CCA627B161E100BA09A1 /* Debug */ = {
			isa = XCBuildConfiguration;
			buildSettings = {
				ALWAYS_SEARCH_USER_PATHS = NO;
				CLANG_ANALYZER_NONNULL = YES;
				CLANG_ANALYZER_NUMBER_OBJECT_CONVERSION = YES_AGGRESSIVE;
				CLANG_CXX_LANGUAGE_STANDARD = "gnu++17";
				CLANG_CXX_LIBRARY = "libc++";
				CLANG_ENABLE_MODULES = YES;
				CLANG_ENABLE_OBJC_ARC = YES;
				CLANG_ENABLE_OBJC_WEAK = YES;
				CLANG_WARN_BLOCK_CAPTURE_AUTORELEASING = YES;
				CLANG_WARN_BOOL_CONVERSION = YES;
				CLANG_WARN_COMMA = YES;
				CLANG_WARN_CONSTANT_CONVERSION = YES;
				CLANG_WARN_DEPRECATED_OBJC_IMPLEMENTATIONS = YES;
				CLANG_WARN_DIRECT_OBJC_ISA_USAGE = YES_ERROR;
				CLANG_WARN_DOCUMENTATION_COMMENTS = YES;
				CLANG_WARN_EMPTY_BODY = YES;
				CLANG_WARN_ENUM_CONVERSION = YES;
				CLANG_WARN_INFINITE_RECURSION = YES;
				CLANG_WARN_INT_CONVERSION = YES;
				CLANG_WARN_NON_LITERAL_NULL_CONVERSION = YES;
				CLANG_WARN_OBJC_IMPLICIT_RETAIN_SELF = YES;
				CLANG_WARN_OBJC_LITERAL_CONVERSION = YES;
				CLANG_WARN_OBJC_ROOT_CLASS = YES_ERROR;
				CLANG_WARN_QUOTED_INCLUDE_IN_FRAMEWORK_HEADER = YES;
				CLANG_WARN_RANGE_LOOP_ANALYSIS = YES;
				CLANG_WARN_STRICT_PROTOTYPES = YES;
				CLANG_WARN_SUSPICIOUS_MOVE = YES;
				CLANG_WARN_UNGUARDED_AVAILABILITY = YES_AGGRESSIVE;
				CLANG_WARN_UNREACHABLE_CODE = YES;
				CLANG_WARN__DUPLICATE_METHOD_MATCH = YES;
				COPY_PHASE_STRIP = NO;
				DEBUG_INFORMATION_FORMAT = dwarf;
				ENABLE_STRICT_OBJC_MSGSEND = YES;
				ENABLE_TESTABILITY = YES;
				GCC_C_LANGUAGE_STANDARD = gnu11;
				GCC_DYNAMIC_NO_PIC = NO;
				GCC_NO_COMMON_BLOCKS = YES;
				GCC_OPTIMIZATION_LEVEL = 0;
				GCC_PREPROCESSOR_DEFINITIONS = (
					"DEBUG=1",
					"$(inherited)",
				);
				GCC_WARN_64_TO_32_BIT_CONVERSION = YES;
				GCC_WARN_ABOUT_RETURN_TYPE = YES_ERROR;
				GCC_WARN_UNDECLARED_SELECTOR = YES;
				GCC_WARN_UNINITIALIZED_AUTOS = YES_AGGRESSIVE;
				GCC_WARN_UNUSED_FUNCTION = YES;
				GCC_WARN_UNUSED_VARIABLE = YES;
				IPHONEOS_DEPLOYMENT_TARGET = 15.0;
				MTL_ENABLE_DEBUG_INFO = INCLUDE_SOURCE;
				MTL_FAST_MATH = YES;
				ONLY_ACTIVE_ARCH = YES;
				SDKROOT = iphoneos;
				SWIFT_ACTIVE_COMPILATION_CONDITIONS = DEBUG;
				SWIFT_OPTIMIZATION_LEVEL = "-Onone";
			};
			name = Debug;
		};
		CEE5CCA727B161E100BA09A1 /* Release */ = {
			isa = XCBuildConfiguration;
			buildSettings = {
				ALWAYS_SEARCH_USER_PATHS = NO;
				CLANG_ANALYZER_NONNULL = YES;
				CLANG_ANALYZER_NUMBER_OBJECT_CONVERSION = YES_AGGRESSIVE;
				CLANG_CXX_LANGUAGE_STANDARD = "gnu++17";
				CLANG_CXX_LIBRARY = "libc++";
				CLANG_ENABLE_MODULES = YES;
				CLANG_ENABLE_OBJC_ARC = YES;
				CLANG_ENABLE_OBJC_WEAK = YES;
				CLANG_WARN_BLOCK_CAPTURE_AUTORELEASING = YES;
				CLANG_WARN_BOOL_CONVERSION = YES;
				CLANG_WARN_COMMA = YES;
				CLANG_WARN_CONSTANT_CONVERSION = YES;
				CLANG_WARN_DEPRECATED_OBJC_IMPLEMENTATIONS = YES;
				CLANG_WARN_DIRECT_OBJC_ISA_USAGE = YES_ERROR;
				CLANG_WARN_DOCUMENTATION_COMMENTS = YES;
				CLANG_WARN_EMPTY_BODY = YES;
				CLANG_WARN_ENUM_CONVERSION = YES;
				CLANG_WARN_INFINITE_RECURSION = YES;
				CLANG_WARN_INT_CONVERSION = YES;
				CLANG_WARN_NON_LITERAL_NULL_CONVERSION = YES;
				CLANG_WARN_OBJC_IMPLICIT_RETAIN_SELF = YES;
				CLANG_WARN_OBJC_LITERAL_CONVERSION = YES;
				CLANG_WARN_OBJC_ROOT_CLASS = YES_ERROR;
				CLANG_WARN_QUOTED_INCLUDE_IN_FRAMEWORK_HEADER = YES;
				CLANG_WARN_RANGE_LOOP_ANALYSIS = YES;
				CLANG_WARN_STRICT_PROTOTYPES = YES;
				CLANG_WARN_SUSPICIOUS_MOVE = YES;
				CLANG_WARN_UNGUARDED_AVAILABILITY = YES_AGGRESSIVE;
				CLANG_WARN_UNREACHABLE_CODE = YES;
				CLANG_WARN__DUPLICATE_METHOD_MATCH = YES;
				COPY_PHASE_STRIP = NO;
				DEBUG_INFORMATION_FORMAT = "dwarf-with-dsym";
				ENABLE_NS_ASSERTIONS = NO;
				ENABLE_STRICT_OBJC_MSGSEND = YES;
				GCC_C_LANGUAGE_STANDARD = gnu11;
				GCC_NO_COMMON_BLOCKS = YES;
				GCC_WARN_64_TO_32_BIT_CONVERSION = YES;
				GCC_WARN_ABOUT_RETURN_TYPE = YES_ERROR;
				GCC_WARN_UNDECLARED_SELECTOR = YES;
				GCC_WARN_UNINITIALIZED_AUTOS = YES_AGGRESSIVE;
				GCC_WARN_UNUSED_FUNCTION = YES;
				GCC_WARN_UNUSED_VARIABLE = YES;
				IPHONEOS_DEPLOYMENT_TARGET = 15.0;
				MTL_ENABLE_DEBUG_INFO = NO;
				MTL_FAST_MATH = YES;
				SDKROOT = iphoneos;
				SWIFT_COMPILATION_MODE = wholemodule;
				SWIFT_OPTIMIZATION_LEVEL = "-O";
				VALIDATE_PRODUCT = YES;
			};
			name = Release;
		};
		CEE5CCA927B161E100BA09A1 /* Debug */ = {
			isa = XCBuildConfiguration;
			baseConfigurationReference = B9DAE9B694D233BFF08E4769 /* Pods-WeatherGift.debug.xcconfig */;
			buildSettings = {
				ASSETCATALOG_COMPILER_APPICON_NAME = AppIcon;
				ASSETCATALOG_COMPILER_GLOBAL_ACCENT_COLOR_NAME = AccentColor;
				CODE_SIGN_STYLE = Automatic;
				CURRENT_PROJECT_VERSION = 1;
				DEVELOPMENT_TEAM = NLS3UWSM59;
				GENERATE_INFOPLIST_FILE = YES;
				INFOPLIST_FILE = WeatherGift/Info.plist;
				INFOPLIST_KEY_UIApplicationSupportsIndirectInputEvents = YES;
				INFOPLIST_KEY_UILaunchStoryboardName = LaunchScreen;
				INFOPLIST_KEY_UIMainStoryboardFile = Main;
				INFOPLIST_KEY_UISupportedInterfaceOrientations_iPad = "UIInterfaceOrientationPortrait UIInterfaceOrientationPortraitUpsideDown UIInterfaceOrientationLandscapeLeft UIInterfaceOrientationLandscapeRight";
				INFOPLIST_KEY_UISupportedInterfaceOrientations_iPhone = "UIInterfaceOrientationPortrait UIInterfaceOrientationLandscapeLeft UIInterfaceOrientationLandscapeRight";
				LD_RUNPATH_SEARCH_PATHS = (
					"$(inherited)",
					"@executable_path/Frameworks",
				);
				MARKETING_VERSION = 1.0;
				PRODUCT_BUNDLE_IDENTIFIER = com.jordangarcia.WeatherGift;
				PRODUCT_NAME = "$(TARGET_NAME)";
				SWIFT_EMIT_LOC_STRINGS = YES;
				SWIFT_VERSION = 5.0;
				TARGETED_DEVICE_FAMILY = "1,2";
			};
			name = Debug;
		};
		CEE5CCAA27B161E100BA09A1 /* Release */ = {
			isa = XCBuildConfiguration;
			baseConfigurationReference = AB0C4251C1525E94B580A883 /* Pods-WeatherGift.release.xcconfig */;
			buildSettings = {
				ASSETCATALOG_COMPILER_APPICON_NAME = AppIcon;
				ASSETCATALOG_COMPILER_GLOBAL_ACCENT_COLOR_NAME = AccentColor;
				CODE_SIGN_STYLE = Automatic;
				CURRENT_PROJECT_VERSION = 1;
				DEVELOPMENT_TEAM = NLS3UWSM59;
				GENERATE_INFOPLIST_FILE = YES;
				INFOPLIST_FILE = WeatherGift/Info.plist;
				INFOPLIST_KEY_UIApplicationSupportsIndirectInputEvents = YES;
				INFOPLIST_KEY_UILaunchStoryboardName = LaunchScreen;
				INFOPLIST_KEY_UIMainStoryboardFile = Main;
				INFOPLIST_KEY_UISupportedInterfaceOrientations_iPad = "UIInterfaceOrientationPortrait UIInterfaceOrientationPortraitUpsideDown UIInterfaceOrientationLandscapeLeft UIInterfaceOrientationLandscapeRight";
				INFOPLIST_KEY_UISupportedInterfaceOrientations_iPhone = "UIInterfaceOrientationPortrait UIInterfaceOrientationLandscapeLeft UIInterfaceOrientationLandscapeRight";
				LD_RUNPATH_SEARCH_PATHS = (
					"$(inherited)",
					"@executable_path/Frameworks",
				);
				MARKETING_VERSION = 1.0;
				PRODUCT_BUNDLE_IDENTIFIER = com.jordangarcia.WeatherGift;
				PRODUCT_NAME = "$(TARGET_NAME)";
				SWIFT_EMIT_LOC_STRINGS = YES;
				SWIFT_VERSION = 5.0;
				TARGETED_DEVICE_FAMILY = "1,2";
			};
			name = Release;
		};
/* End XCBuildConfiguration section */

/* Begin XCConfigurationList section */
		CEE5CC8F27B161DB00BA09A1 /* Build configuration list for PBXProject "WeatherGift" */ = {
			isa = XCConfigurationList;
			buildConfigurations = (
				CEE5CCA627B161E100BA09A1 /* Debug */,
				CEE5CCA727B161E100BA09A1 /* Release */,
			);
			defaultConfigurationIsVisible = 0;
			defaultConfigurationName = Release;
		};
		CEE5CCA827B161E100BA09A1 /* Build configuration list for PBXNativeTarget "WeatherGift" */ = {
			isa = XCConfigurationList;
			buildConfigurations = (
				CEE5CCA927B161E100BA09A1 /* Debug */,
				CEE5CCAA27B161E100BA09A1 /* Release */,
			);
			defaultConfigurationIsVisible = 0;
			defaultConfigurationName = Release;
		};
/* End XCConfigurationList section */
	};
	rootObject = CEE5CC8C27B161DB00BA09A1 /* Project object */;
}
